
Microsoft Visual Studio Solution File, Format Version 12.00
# Visual Studio Version 16
VisualStudioVersion = 16.0.30907.101
MinimumVisualStudioVersion = 10.0.40219.1
Project("{FAE04EC0-301F-11D3-BF4B-00C04F79EFBC}") = "FirstResponsiveWebAppBurton", "FirstResponsiveWebAppBurton.csproj", "{A72A3449-2347-4873-94C6-ED59151E5365}"
EndProject
Global
	GlobalSection(SolutionConfigurationPlatforms) = preSolution
		Debug|Any CPU = Debug|Any CPU
		Release|Any CPU = Release|Any CPU
	EndGlobalSection
	GlobalSection(ProjectConfigurationPlatforms) = postSolution
		{A72A3449-2347-4873-94C6-ED59151E5365}.Debug|Any CPU.ActiveCfg = Debug|Any CPU
		{A72A3449-2347-4873-94C6-ED59151E5365}.Debug|Any CPU.Build.0 = Debug|Any CPU
		{A72A3449-2347-4873-94C6-ED59151E5365}.Release|Any CPU.ActiveCfg = Release|Any CPU
		{A72A3449-2347-4873-94C6-ED59151E5365}.Release|Any CPU.Build.0 = Release|Any CPU
	EndGlobalSection
	GlobalSection(SolutionProperties) = preSolution
		HideSolutionNode = FALSE
	EndGlobalSection
	GlobalSection(ExtensibilityGlobals) = postSolution
		SolutionGuid = {2C1F2DF3-8BCF-4B13-857D-29D555672CCA}
	EndGlobalSection
EndGlobal
